
Microsoft Visual Studio Solution File, Format Version 12.00
# Visual Studio Version 16
VisualStudioVersion = 16.0.30413.136
MinimumVisualStudioVersion = 10.0.40219.1
Project("{FAE04EC0-301F-11D3-BF4B-00C04F79EFBC}") = "ConsoleApptrier", "ConsoleApptrier.csproj", "{430F5324-6B9A-4384-AD94-8DF1E1A6B579}"
EndProject
Global
	GlobalSection(SolutionConfigurationPlatforms) = preSolution
		Debug|Any CPU = Debug|Any CPU
		Release|Any CPU = Release|Any CPU
	EndGlobalSection
	GlobalSection(ProjectConfigurationPlatforms) = postSolution
		{430F5324-6B9A-4384-AD94-8DF1E1A6B579}.Debug|Any CPU.ActiveCfg = Debug|Any CPU
		{430F5324-6B9A-4384-AD94-8DF1E1A6B579}.Debug|Any CPU.Build.0 = Debug|Any CPU
		{430F5324-6B9A-4384-AD94-8DF1E1A6B579}.Release|Any CPU.ActiveCfg = Release|Any CPU
		{430F5324-6B9A-4384-AD94-8DF1E1A6B579}.Release|Any CPU.Build.0 = Release|Any CPU
	EndGlobalSection
	GlobalSection(SolutionProperties) = preSolution
		HideSolutionNode = FALSE
	EndGlobalSection
	GlobalSection(ExtensibilityGlobals) = postSolution
		SolutionGuid = {2392849C-C568-4B9D-889E-37556014476C}
	EndGlobalSection
EndGlobal
